// !$*UTF8*$!
{
	archiveVersion = 1;
	classes = {
	};
	objectVersion = 56;
	objects = {

/* Begin PBXBuildFile section */
		146081E62AB4272000CAD2BC /* iBeaconDistanceDefinition.swift in Sources */ = {isa = PBXBuildFile; fileRef = 146081E52AB4272000CAD2BC /* iBeaconDistanceDefinition.swift */; };
		14FD1C512AA1B76A0090E3CC /* AppDelegate.swift in Sources */ = {isa = PBXBuildFile; fileRef = 14FD1C502AA1B76A0090E3CC /* AppDelegate.swift */; };
		14FD1C532AA1B76A0090E3CC /* SceneDelegate.swift in Sources */ = {isa = PBXBuildFile; fileRef = 14FD1C522AA1B76A0090E3CC /* SceneDelegate.swift */; };
		14FD1C552AA1B76A0090E3CC /* HomePageViewController.swift in Sources */ = {isa = PBXBuildFile; fileRef = 14FD1C542AA1B76A0090E3CC /* HomePageViewController.swift */; };
		14FD1C582AA1B76A0090E3CC /* Main.storyboard in Resources */ = {isa = PBXBuildFile; fileRef = 14FD1C562AA1B76A0090E3CC /* Main.storyboard */; };
		14FD1C5B2AA1B76A0090E3CC /* VoiceOveriBeacon.xcdatamodeld in Sources */ = {isa = PBXBuildFile; fileRef = 14FD1C592AA1B76A0090E3CC /* VoiceOveriBeacon.xcdatamodeld */; };
		14FD1C5D2AA1B76B0090E3CC /* Assets.xcassets in Resources */ = {isa = PBXBuildFile; fileRef = 14FD1C5C2AA1B76B0090E3CC /* Assets.xcassets */; };
		14FD1C602AA1B76B0090E3CC /* LaunchScreen.storyboard in Resources */ = {isa = PBXBuildFile; fileRef = 14FD1C5E2AA1B76B0090E3CC /* LaunchScreen.storyboard */; };
		14FD1C6B2AA1B76B0090E3CC /* VoiceOveriBeaconTests.swift in Sources */ = {isa = PBXBuildFile; fileRef = 14FD1C6A2AA1B76B0090E3CC /* VoiceOveriBeaconTests.swift */; };
		14FD1C752AA1B76B0090E3CC /* VoiceOveriBeaconUITests.swift in Sources */ = {isa = PBXBuildFile; fileRef = 14FD1C742AA1B76B0090E3CC /* VoiceOveriBeaconUITests.swift */; };
		14FD1C772AA1B76B0090E3CC /* VoiceOveriBeaconUITestsLaunchTests.swift in Sources */ = {isa = PBXBuildFile; fileRef = 14FD1C762AA1B76B0090E3CC /* VoiceOveriBeaconUITestsLaunchTests.swift */; };
		14FD1C882AA1C2150090E3CC /* AccessibilityConstants.swift in Sources */ = {isa = PBXBuildFile; fileRef = 14FD1C872AA1C2150090E3CC /* AccessibilityConstants.swift */; };
		14FD1C8A2AA1C7B50090E3CC /* iBeaconModel.swift in Sources */ = {isa = PBXBuildFile; fileRef = 14FD1C892AA1C7B50090E3CC /* iBeaconModel.swift */; };
		2A1CCB2C2AB36168005B058D /* iBeaconConstants.swift in Sources */ = {isa = PBXBuildFile; fileRef = 2A1CCB2B2AB36168005B058D /* iBeaconConstants.swift */; };
		2A1CCB2E2AB36187005B058D /* AppSetting.swift in Sources */ = {isa = PBXBuildFile; fileRef = 2A1CCB2D2AB36187005B058D /* AppSetting.swift */; };
		2A3E9C002AA3552D00A1C3F2 /* iBeaconViewModel.swift in Sources */ = {isa = PBXBuildFile; fileRef = 2A3E9BFF2AA3552D00A1C3F2 /* iBeaconViewModel.swift */; };
		2A3E9C072AA362A000A1C3F2 /* AVSpeechSynthesizerService.swift in Sources */ = {isa = PBXBuildFile; fileRef = 2A3E9C042AA362A000A1C3F2 /* AVSpeechSynthesizerService.swift */; };
		2A3E9C082AA362A000A1C3F2 /* AudioPlayerService.swift in Sources */ = {isa = PBXBuildFile; fileRef = 2A3E9C052AA362A000A1C3F2 /* AudioPlayerService.swift */; };
		2A3E9C092AA362A000A1C3F2 /* FileReadWriteService.swift in Sources */ = {isa = PBXBuildFile; fileRef = 2A3E9C062AA362A000A1C3F2 /* FileReadWriteService.swift */; };
		2A3E9C0F2AA3675400A1C3F2 /* start.mp3 in Resources */ = {isa = PBXBuildFile; fileRef = 2A3E9C0B2AA3675400A1C3F2 /* start.mp3 */; };
		2A3E9C102AA3675400A1C3F2 /* beep-08b.mp3 in Resources */ = {isa = PBXBuildFile; fileRef = 2A3E9C0C2AA3675400A1C3F2 /* beep-08b.mp3 */; };
		2A3E9C112AA3675400A1C3F2 /* beep.mp3 in Resources */ = {isa = PBXBuildFile; fileRef = 2A3E9C0D2AA3675400A1C3F2 /* beep.mp3 */; };
		2A3E9C122AA3675400A1C3F2 /* end.mp3 in Resources */ = {isa = PBXBuildFile; fileRef = 2A3E9C0E2AA3675400A1C3F2 /* end.mp3 */; };
		2A3E9C142AA367D300A1C3F2 /* SoundEffectConstant.swift in Sources */ = {isa = PBXBuildFile; fileRef = 2A3E9C132AA367D300A1C3F2 /* SoundEffectConstant.swift */; };
		2A3E9C162AA36B2500A1C3F2 /* Resource.bundle in Resources */ = {isa = PBXBuildFile; fileRef = 2A3E9C152AA36B2500A1C3F2 /* Resource.bundle */; };
		2A3E9C1A2AA36CF100A1C3F2 /* SoundSettingViewController.swift in Sources */ = {isa = PBXBuildFile; fileRef = 2A3E9C182AA36CF100A1C3F2 /* SoundSettingViewController.swift */; };
		2A3E9C1B2AA36CF100A1C3F2 /* SoundSettingViewController.xib in Resources */ = {isa = PBXBuildFile; fileRef = 2A3E9C192AA36CF100A1C3F2 /* SoundSettingViewController.xib */; };
		2A3E9C202AA3737400A1C3F2 /* UIView+Toast.swift in Sources */ = {isa = PBXBuildFile; fileRef = 2A3E9C1D2AA3737400A1C3F2 /* UIView+Toast.swift */; };
		2A3E9C212AA3737400A1C3F2 /* UIView+Nib.swift in Sources */ = {isa = PBXBuildFile; fileRef = 2A3E9C1E2AA3737400A1C3F2 /* UIView+Nib.swift */; };
		2A3E9C222AA3737400A1C3F2 /* UIColor+.swift in Sources */ = {isa = PBXBuildFile; fileRef = 2A3E9C1F2AA3737400A1C3F2 /* UIColor+.swift */; };
/* End PBXBuildFile section */

/* Begin PBXContainerItemProxy section */
		14FD1C672AA1B76B0090E3CC /* PBXContainerItemProxy */ = {
			isa = PBXContainerItemProxy;
			containerPortal = 14FD1C452AA1B76A0090E3CC /* Project object */;
			proxyType = 1;
			remoteGlobalIDString = 14FD1C4C2AA1B76A0090E3CC;
			remoteInfo = VoiceOveriBeacon;
		};
		14FD1C712AA1B76B0090E3CC /* PBXContainerItemProxy */ = {
			isa = PBXContainerItemProxy;
			containerPortal = 14FD1C452AA1B76A0090E3CC /* Project object */;
			proxyType = 1;
			remoteGlobalIDString = 14FD1C4C2AA1B76A0090E3CC;
			remoteInfo = VoiceOveriBeacon;
		};
/* End PBXContainerItemProxy section */

/* Begin PBXFileReference section */
		146081E52AB4272000CAD2BC /* iBeaconDistanceDefinition.swift */ = {isa = PBXFileReference; lastKnownFileType = sourcecode.swift; path = iBeaconDistanceDefinition.swift; sourceTree = "<group>"; };
		14FD1C4D2AA1B76A0090E3CC /* VoiceOveriBeacon.app */ = {isa = PBXFileReference; explicitFileType = wrapper.application; includeInIndex = 0; path = VoiceOveriBeacon.app; sourceTree = BUILT_PRODUCTS_DIR; };
		14FD1C502AA1B76A0090E3CC /* AppDelegate.swift */ = {isa = PBXFileReference; lastKnownFileType = sourcecode.swift; path = AppDelegate.swift; sourceTree = "<group>"; };
		14FD1C522AA1B76A0090E3CC /* SceneDelegate.swift */ = {isa = PBXFileReference; lastKnownFileType = sourcecode.swift; path = SceneDelegate.swift; sourceTree = "<group>"; };
		14FD1C542AA1B76A0090E3CC /* HomePageViewController.swift */ = {isa = PBXFileReference; lastKnownFileType = sourcecode.swift; path = HomePageViewController.swift; sourceTree = "<group>"; };
		14FD1C572AA1B76A0090E3CC /* Base */ = {isa = PBXFileReference; lastKnownFileType = file.storyboard; name = Base; path = Base.lproj/Main.storyboard; sourceTree = "<group>"; };
		14FD1C5A2AA1B76A0090E3CC /* VoiceOveriBeacon.xcdatamodel */ = {isa = PBXFileReference; lastKnownFileType = wrapper.xcdatamodel; path = VoiceOveriBeacon.xcdatamodel; sourceTree = "<group>"; };
		14FD1C5C2AA1B76B0090E3CC /* Assets.xcassets */ = {isa = PBXFileReference; lastKnownFileType = folder.assetcatalog; path = Assets.xcassets; sourceTree = "<group>"; };
		14FD1C5F2AA1B76B0090E3CC /* Base */ = {isa = PBXFileReference; lastKnownFileType = file.storyboard; name = Base; path = Base.lproj/LaunchScreen.storyboard; sourceTree = "<group>"; };
		14FD1C612AA1B76B0090E3CC /* Info.plist */ = {isa = PBXFileReference; lastKnownFileType = text.plist.xml; path = Info.plist; sourceTree = "<group>"; };
		14FD1C662AA1B76B0090E3CC /* VoiceOveriBeaconTests.xctest */ = {isa = PBXFileReference; explicitFileType = wrapper.cfbundle; includeInIndex = 0; path = VoiceOveriBeaconTests.xctest; sourceTree = BUILT_PRODUCTS_DIR; };
		14FD1C6A2AA1B76B0090E3CC /* VoiceOveriBeaconTests.swift */ = {isa = PBXFileReference; lastKnownFileType = sourcecode.swift; path = VoiceOveriBeaconTests.swift; sourceTree = "<group>"; };
		14FD1C702AA1B76B0090E3CC /* VoiceOveriBeaconUITests.xctest */ = {isa = PBXFileReference; explicitFileType = wrapper.cfbundle; includeInIndex = 0; path = VoiceOveriBeaconUITests.xctest; sourceTree = BUILT_PRODUCTS_DIR; };
		14FD1C742AA1B76B0090E3CC /* VoiceOveriBeaconUITests.swift */ = {isa = PBXFileReference; lastKnownFileType = sourcecode.swift; path = VoiceOveriBeaconUITests.swift; sourceTree = "<group>"; };
		14FD1C762AA1B76B0090E3CC /* VoiceOveriBeaconUITestsLaunchTests.swift */ = {isa = PBXFileReference; lastKnownFileType = sourcecode.swift; path = VoiceOveriBeaconUITestsLaunchTests.swift; sourceTree = "<group>"; };
		14FD1C872AA1C2150090E3CC /* AccessibilityConstants.swift */ = {isa = PBXFileReference; lastKnownFileType = sourcecode.swift; path = AccessibilityConstants.swift; sourceTree = "<group>"; };
		14FD1C892AA1C7B50090E3CC /* iBeaconModel.swift */ = {isa = PBXFileReference; lastKnownFileType = sourcecode.swift; path = iBeaconModel.swift; sourceTree = "<group>"; };
		2A1CCB2B2AB36168005B058D /* iBeaconConstants.swift */ = {isa = PBXFileReference; lastKnownFileType = sourcecode.swift; path = iBeaconConstants.swift; sourceTree = "<group>"; };
		2A1CCB2D2AB36187005B058D /* AppSetting.swift */ = {isa = PBXFileReference; lastKnownFileType = sourcecode.swift; path = AppSetting.swift; sourceTree = "<group>"; };
		2A3E9BFF2AA3552D00A1C3F2 /* iBeaconViewModel.swift */ = {isa = PBXFileReference; lastKnownFileType = sourcecode.swift; path = iBeaconViewModel.swift; sourceTree = "<group>"; };
		2A3E9C042AA362A000A1C3F2 /* AVSpeechSynthesizerService.swift */ = {isa = PBXFileReference; fileEncoding = 4; lastKnownFileType = sourcecode.swift; path = AVSpeechSynthesizerService.swift; sourceTree = "<group>"; };
		2A3E9C052AA362A000A1C3F2 /* AudioPlayerService.swift */ = {isa = PBXFileReference; fileEncoding = 4; lastKnownFileType = sourcecode.swift; path = AudioPlayerService.swift; sourceTree = "<group>"; };
		2A3E9C062AA362A000A1C3F2 /* FileReadWriteService.swift */ = {isa = PBXFileReference; fileEncoding = 4; lastKnownFileType = sourcecode.swift; path = FileReadWriteService.swift; sourceTree = "<group>"; };
		2A3E9C0B2AA3675400A1C3F2 /* start.mp3 */ = {isa = PBXFileReference; lastKnownFileType = audio.mp3; path = start.mp3; sourceTree = "<group>"; };
		2A3E9C0C2AA3675400A1C3F2 /* beep-08b.mp3 */ = {isa = PBXFileReference; lastKnownFileType = audio.mp3; path = "beep-08b.mp3"; sourceTree = "<group>"; };
		2A3E9C0D2AA3675400A1C3F2 /* beep.mp3 */ = {isa = PBXFileReference; lastKnownFileType = audio.mp3; path = beep.mp3; sourceTree = "<group>"; };
		2A3E9C0E2AA3675400A1C3F2 /* end.mp3 */ = {isa = PBXFileReference; lastKnownFileType = audio.mp3; path = end.mp3; sourceTree = "<group>"; };
		2A3E9C132AA367D300A1C3F2 /* SoundEffectConstant.swift */ = {isa = PBXFileReference; fileEncoding = 4; lastKnownFileType = sourcecode.swift; path = SoundEffectConstant.swift; sourceTree = "<group>"; };
		2A3E9C152AA36B2500A1C3F2 /* Resource.bundle */ = {isa = PBXFileReference; lastKnownFileType = "wrapper.plug-in"; path = Resource.bundle; sourceTree = "<group>"; };
		2A3E9C182AA36CF100A1C3F2 /* SoundSettingViewController.swift */ = {isa = PBXFileReference; lastKnownFileType = sourcecode.swift; path = SoundSettingViewController.swift; sourceTree = "<group>"; };
		2A3E9C192AA36CF100A1C3F2 /* SoundSettingViewController.xib */ = {isa = PBXFileReference; lastKnownFileType = file.xib; path = SoundSettingViewController.xib; sourceTree = "<group>"; };
		2A3E9C1D2AA3737400A1C3F2 /* UIView+Toast.swift */ = {isa = PBXFileReference; fileEncoding = 4; lastKnownFileType = sourcecode.swift; path = "UIView+Toast.swift"; sourceTree = "<group>"; };
		2A3E9C1E2AA3737400A1C3F2 /* UIView+Nib.swift */ = {isa = PBXFileReference; fileEncoding = 4; lastKnownFileType = sourcecode.swift; path = "UIView+Nib.swift"; sourceTree = "<group>"; };
		2A3E9C1F2AA3737400A1C3F2 /* UIColor+.swift */ = {isa = PBXFileReference; fileEncoding = 4; lastKnownFileType = sourcecode.swift; path = "UIColor+.swift"; sourceTree = "<group>"; };
/* End PBXFileReference section */

/* Begin PBXFrameworksBuildPhase section */
		14FD1C4A2AA1B76A0090E3CC /* Frameworks */ = {
			isa = PBXFrameworksBuildPhase;
			buildActionMask = 2147483647;
			files = (
			);
			runOnlyForDeploymentPostprocessing = 0;
		};
		14FD1C632AA1B76B0090E3CC /* Frameworks */ = {
			isa = PBXFrameworksBuildPhase;
			buildActionMask = 2147483647;
			files = (
			);
			runOnlyForDeploymentPostprocessing = 0;
		};
		14FD1C6D2AA1B76B0090E3CC /* Frameworks */ = {
			isa = PBXFrameworksBuildPhase;
			buildActionMask = 2147483647;
			files = (
			);
			runOnlyForDeploymentPostprocessing = 0;
		};
/* End PBXFrameworksBuildPhase section */

/* Begin PBXGroup section */
		14FD1C442AA1B76A0090E3CC = {
			isa = PBXGroup;
			children = (
				14FD1C4F2AA1B76A0090E3CC /* VoiceOveriBeacon */,
				14FD1C692AA1B76B0090E3CC /* VoiceOveriBeaconTests */,
				14FD1C732AA1B76B0090E3CC /* VoiceOveriBeaconUITests */,
				14FD1C4E2AA1B76A0090E3CC /* Products */,
			);
			sourceTree = "<group>";
		};
		14FD1C4E2AA1B76A0090E3CC /* Products */ = {
			isa = PBXGroup;
			children = (
				14FD1C4D2AA1B76A0090E3CC /* VoiceOveriBeacon.app */,
				14FD1C662AA1B76B0090E3CC /* VoiceOveriBeaconTests.xctest */,
				14FD1C702AA1B76B0090E3CC /* VoiceOveriBeaconUITests.xctest */,
			);
			name = Products;
			sourceTree = "<group>";
		};
		14FD1C4F2AA1B76A0090E3CC /* VoiceOveriBeacon */ = {
			isa = PBXGroup;
			children = (
				14FD1C842AA1C1ED0090E3CC /* Feature */,
				14FD1C832AA1C1E10090E3CC /* Shared */,
				14FD1C502AA1B76A0090E3CC /* AppDelegate.swift */,
				14FD1C522AA1B76A0090E3CC /* SceneDelegate.swift */,
				14FD1C5C2AA1B76B0090E3CC /* Assets.xcassets */,
				14FD1C5E2AA1B76B0090E3CC /* LaunchScreen.storyboard */,
				14FD1C612AA1B76B0090E3CC /* Info.plist */,
				14FD1C592AA1B76A0090E3CC /* VoiceOveriBeacon.xcdatamodeld */,
			);
			path = VoiceOveriBeacon;
			sourceTree = "<group>";
		};
		14FD1C692AA1B76B0090E3CC /* VoiceOveriBeaconTests */ = {
			isa = PBXGroup;
			children = (
				14FD1C6A2AA1B76B0090E3CC /* VoiceOveriBeaconTests.swift */,
			);
			path = VoiceOveriBeaconTests;
			sourceTree = "<group>";
		};
		14FD1C732AA1B76B0090E3CC /* VoiceOveriBeaconUITests */ = {
			isa = PBXGroup;
			children = (
				14FD1C742AA1B76B0090E3CC /* VoiceOveriBeaconUITests.swift */,
				14FD1C762AA1B76B0090E3CC /* VoiceOveriBeaconUITestsLaunchTests.swift */,
			);
			path = VoiceOveriBeaconUITests;
			sourceTree = "<group>";
		};
		14FD1C832AA1C1E10090E3CC /* Shared */ = {
			isa = PBXGroup;
			children = (
				2A3E9C152AA36B2500A1C3F2 /* Resource.bundle */,
				2A3E9C1C2AA3737400A1C3F2 /* Extension */,
				2A3E9C0A2AA3675400A1C3F2 /* Sounds */,
				2A3E9C032AA362A000A1C3F2 /* Service */,
				2A3E9C012AA3556700A1C3F2 /* Model */,
				2A3E9BFE2AA3551A00A1C3F2 /* ViewModel */,
				14FD1C862AA1C2010090E3CC /* Constant */,
			);
			path = Shared;
			sourceTree = "<group>";
		};
		14FD1C842AA1C1ED0090E3CC /* Feature */ = {
			isa = PBXGroup;
			children = (
				2A3E9C172AA36CD500A1C3F2 /* SoundSetting */,
				14FD1C852AA1C1F50090E3CC /* HomePage */,
			);
			path = Feature;
			sourceTree = "<group>";
		};
		14FD1C852AA1C1F50090E3CC /* HomePage */ = {
			isa = PBXGroup;
			children = (
				14FD1C542AA1B76A0090E3CC /* HomePageViewController.swift */,
				14FD1C562AA1B76A0090E3CC /* Main.storyboard */,
			);
			path = HomePage;
			sourceTree = "<group>";
		};
		14FD1C862AA1C2010090E3CC /* Constant */ = {
			isa = PBXGroup;
			children = (
				2A3E9C132AA367D300A1C3F2 /* SoundEffectConstant.swift */,
				14FD1C872AA1C2150090E3CC /* AccessibilityConstants.swift */,
				2A1CCB2B2AB36168005B058D /* iBeaconConstants.swift */,
				2A1CCB2D2AB36187005B058D /* AppSetting.swift */,
				146081E52AB4272000CAD2BC /* iBeaconDistanceDefinition.swift */,
			);
			path = Constant;
			sourceTree = "<group>";
		};
		2A3E9BFE2AA3551A00A1C3F2 /* ViewModel */ = {
			isa = PBXGroup;
			children = (
				2A3E9BFF2AA3552D00A1C3F2 /* iBeaconViewModel.swift */,
			);
			path = ViewModel;
			sourceTree = "<group>";
		};
		2A3E9C012AA3556700A1C3F2 /* Model */ = {
			isa = PBXGroup;
			children = (
				14FD1C892AA1C7B50090E3CC /* iBeaconModel.swift */,
			);
			path = Model;
			sourceTree = "<group>";
		};
		2A3E9C032AA362A000A1C3F2 /* Service */ = {
			isa = PBXGroup;
			children = (
				2A3E9C042AA362A000A1C3F2 /* AVSpeechSynthesizerService.swift */,
				2A3E9C052AA362A000A1C3F2 /* AudioPlayerService.swift */,
				2A3E9C062AA362A000A1C3F2 /* FileReadWriteService.swift */,
			);
			path = Service;
			sourceTree = "<group>";
		};
		2A3E9C0A2AA3675400A1C3F2 /* Sounds */ = {
			isa = PBXGroup;
			children = (
				2A3E9C0B2AA3675400A1C3F2 /* start.mp3 */,
				2A3E9C0C2AA3675400A1C3F2 /* beep-08b.mp3 */,
				2A3E9C0D2AA3675400A1C3F2 /* beep.mp3 */,
				2A3E9C0E2AA3675400A1C3F2 /* end.mp3 */,
			);
			path = Sounds;
			sourceTree = "<group>";
		};
		2A3E9C172AA36CD500A1C3F2 /* SoundSetting */ = {
			isa = PBXGroup;
			children = (
				2A3E9C182AA36CF100A1C3F2 /* SoundSettingViewController.swift */,
				2A3E9C192AA36CF100A1C3F2 /* SoundSettingViewController.xib */,
			);
			path = SoundSetting;
			sourceTree = "<group>";
		};
		2A3E9C1C2AA3737400A1C3F2 /* Extension */ = {
			isa = PBXGroup;
			children = (
				2A3E9C1D2AA3737400A1C3F2 /* UIView+Toast.swift */,
				2A3E9C1E2AA3737400A1C3F2 /* UIView+Nib.swift */,
				2A3E9C1F2AA3737400A1C3F2 /* UIColor+.swift */,
			);
			path = Extension;
			sourceTree = "<group>";
		};
/* End PBXGroup section */

/* Begin PBXNativeTarget section */
		14FD1C4C2AA1B76A0090E3CC /* VoiceOveriBeacon */ = {
			isa = PBXNativeTarget;
			buildConfigurationList = 14FD1C7A2AA1B76B0090E3CC /* Build configuration list for PBXNativeTarget "VoiceOveriBeacon" */;
			buildPhases = (
				14FD1C492AA1B76A0090E3CC /* Sources */,
				14FD1C4A2AA1B76A0090E3CC /* Frameworks */,
				14FD1C4B2AA1B76A0090E3CC /* Resources */,
			);
			buildRules = (
			);
			dependencies = (
			);
			name = VoiceOveriBeacon;
			productName = VoiceOveriBeacon;
			productReference = 14FD1C4D2AA1B76A0090E3CC /* VoiceOveriBeacon.app */;
			productType = "com.apple.product-type.application";
		};
		14FD1C652AA1B76B0090E3CC /* VoiceOveriBeaconTests */ = {
			isa = PBXNativeTarget;
			buildConfigurationList = 14FD1C7D2AA1B76B0090E3CC /* Build configuration list for PBXNativeTarget "VoiceOveriBeaconTests" */;
			buildPhases = (
				14FD1C622AA1B76B0090E3CC /* Sources */,
				14FD1C632AA1B76B0090E3CC /* Frameworks */,
				14FD1C642AA1B76B0090E3CC /* Resources */,
			);
			buildRules = (
			);
			dependencies = (
				14FD1C682AA1B76B0090E3CC /* PBXTargetDependency */,
			);
			name = VoiceOveriBeaconTests;
			productName = VoiceOveriBeaconTests;
			productReference = 14FD1C662AA1B76B0090E3CC /* VoiceOveriBeaconTests.xctest */;
			productType = "com.apple.product-type.bundle.unit-test";
		};
		14FD1C6F2AA1B76B0090E3CC /* VoiceOveriBeaconUITests */ = {
			isa = PBXNativeTarget;
			buildConfigurationList = 14FD1C802AA1B76B0090E3CC /* Build configuration list for PBXNativeTarget "VoiceOveriBeaconUITests" */;
			buildPhases = (
				14FD1C6C2AA1B76B0090E3CC /* Sources */,
				14FD1C6D2AA1B76B0090E3CC /* Frameworks */,
				14FD1C6E2AA1B76B0090E3CC /* Resources */,
			);
			buildRules = (
			);
			dependencies = (
				14FD1C722AA1B76B0090E3CC /* PBXTargetDependency */,
			);
			name = VoiceOveriBeaconUITests;
			productName = VoiceOveriBeaconUITests;
			productReference = 14FD1C702AA1B76B0090E3CC /* VoiceOveriBeaconUITests.xctest */;
			productType = "com.apple.product-type.bundle.ui-testing";
		};
/* End PBXNativeTarget section */

/* Begin PBXProject section */
		14FD1C452AA1B76A0090E3CC /* Project object */ = {
			isa = PBXProject;
			attributes = {
				BuildIndependentTargetsInParallel = 1;
				LastSwiftUpdateCheck = 1430;
				LastUpgradeCheck = 1430;
				TargetAttributes = {
					14FD1C4C2AA1B76A0090E3CC = {
						CreatedOnToolsVersion = 14.3.1;
					};
					14FD1C652AA1B76B0090E3CC = {
						CreatedOnToolsVersion = 14.3.1;
						TestTargetID = 14FD1C4C2AA1B76A0090E3CC;
					};
					14FD1C6F2AA1B76B0090E3CC = {
						CreatedOnToolsVersion = 14.3.1;
						TestTargetID = 14FD1C4C2AA1B76A0090E3CC;
					};
				};
			};
			buildConfigurationList = 14FD1C482AA1B76A0090E3CC /* Build configuration list for PBXProject "VoiceOveriBeacon" */;
			compatibilityVersion = "Xcode 14.0";
			developmentRegion = en;
			hasScannedForEncodings = 0;
			knownRegions = (
				en,
				Base,
			);
			mainGroup = 14FD1C442AA1B76A0090E3CC;
			productRefGroup = 14FD1C4E2AA1B76A0090E3CC /* Products */;
			projectDirPath = "";
			projectRoot = "";
			targets = (
				14FD1C4C2AA1B76A0090E3CC /* VoiceOveriBeacon */,
				14FD1C652AA1B76B0090E3CC /* VoiceOveriBeaconTests */,
				14FD1C6F2AA1B76B0090E3CC /* VoiceOveriBeaconUITests */,
			);
		};
/* End PBXProject section */

/* Begin PBXResourcesBuildPhase section */
		14FD1C4B2AA1B76A0090E3CC /* Resources */ = {
			isa = PBXResourcesBuildPhase;
			buildActionMask = 2147483647;
			files = (
				2A3E9C102AA3675400A1C3F2 /* beep-08b.mp3 in Resources */,
				14FD1C602AA1B76B0090E3CC /* LaunchScreen.storyboard in Resources */,
				2A3E9C112AA3675400A1C3F2 /* beep.mp3 in Resources */,
				2A3E9C122AA3675400A1C3F2 /* end.mp3 in Resources */,
				2A3E9C0F2AA3675400A1C3F2 /* start.mp3 in Resources */,
				2A3E9C1B2AA36CF100A1C3F2 /* SoundSettingViewController.xib in Resources */,
				14FD1C5D2AA1B76B0090E3CC /* Assets.xcassets in Resources */,
				14FD1C582AA1B76A0090E3CC /* Main.storyboard in Resources */,
				2A3E9C162AA36B2500A1C3F2 /* Resource.bundle in Resources */,
			);
			runOnlyForDeploymentPostprocessing = 0;
		};
		14FD1C642AA1B76B0090E3CC /* Resources */ = {
			isa = PBXResourcesBuildPhase;
			buildActionMask = 2147483647;
			files = (
			);
			runOnlyForDeploymentPostprocessing = 0;
		};
		14FD1C6E2AA1B76B0090E3CC /* Resources */ = {
			isa = PBXResourcesBuildPhase;
			buildActionMask = 2147483647;
			files = (
			);
			runOnlyForDeploymentPostprocessing = 0;
		};
/* End PBXResourcesBuildPhase section */

/* Begin PBXSourcesBuildPhase section */
		14FD1C492AA1B76A0090E3CC /* Sources */ = {
			isa = PBXSourcesBuildPhase;
			buildActionMask = 2147483647;
			files = (
				2A3E9C142AA367D300A1C3F2 /* SoundEffectConstant.swift in Sources */,
				14FD1C5B2AA1B76A0090E3CC /* VoiceOveriBeacon.xcdatamodeld in Sources */,
				14FD1C882AA1C2150090E3CC /* AccessibilityConstants.swift in Sources */,
				14FD1C552AA1B76A0090E3CC /* HomePageViewController.swift in Sources */,
				2A3E9C002AA3552D00A1C3F2 /* iBeaconViewModel.swift in Sources */,
				14FD1C8A2AA1C7B50090E3CC /* iBeaconModel.swift in Sources */,
				2A3E9C212AA3737400A1C3F2 /* UIView+Nib.swift in Sources */,
				2A3E9C1A2AA36CF100A1C3F2 /* SoundSettingViewController.swift in Sources */,
				2A3E9C092AA362A000A1C3F2 /* FileReadWriteService.swift in Sources */,
				146081E62AB4272000CAD2BC /* iBeaconDistanceDefinition.swift in Sources */,
				14FD1C512AA1B76A0090E3CC /* AppDelegate.swift in Sources */,
				2A1CCB2E2AB36187005B058D /* AppSetting.swift in Sources */,
				2A3E9C072AA362A000A1C3F2 /* AVSpeechSynthesizerService.swift in Sources */,
				2A3E9C202AA3737400A1C3F2 /* UIView+Toast.swift in Sources */,
				14FD1C532AA1B76A0090E3CC /* SceneDelegate.swift in Sources */,
				2A3E9C082AA362A000A1C3F2 /* AudioPlayerService.swift in Sources */,
				2A3E9C222AA3737400A1C3F2 /* UIColor+.swift in Sources */,
				2A1CCB2C2AB36168005B058D /* iBeaconConstants.swift in Sources */,
			);
			runOnlyForDeploymentPostprocessing = 0;
		};
		14FD1C622AA1B76B0090E3CC /* Sources */ = {
			isa = PBXSourcesBuildPhase;
			buildActionMask = 2147483647;
			files = (
				14FD1C6B2AA1B76B0090E3CC /* VoiceOveriBeaconTests.swift in Sources */,
			);
			runOnlyForDeploymentPostprocessing = 0;
		};
		14FD1C6C2AA1B76B0090E3CC /* Sources */ = {
			isa = PBXSourcesBuildPhase;
			buildActionMask = 2147483647;
			files = (
				14FD1C752AA1B76B0090E3CC /* VoiceOveriBeaconUITests.swift in Sources */,
				14FD1C772AA1B76B0090E3CC /* VoiceOveriBeaconUITestsLaunchTests.swift in Sources */,
			);
			runOnlyForDeploymentPostprocessing = 0;
		};
/* End PBXSourcesBuildPhase section */

/* Begin PBXTargetDependency section */
		14FD1C682AA1B76B0090E3CC /* PBXTargetDependency */ = {
			isa = PBXTargetDependency;
			target = 14FD1C4C2AA1B76A0090E3CC /* VoiceOveriBeacon */;
			targetProxy = 14FD1C672AA1B76B0090E3CC /* PBXContainerItemProxy */;
		};
		14FD1C722AA1B76B0090E3CC /* PBXTargetDependency */ = {
			isa = PBXTargetDependency;
			target = 14FD1C4C2AA1B76A0090E3CC /* VoiceOveriBeacon */;
			targetProxy = 14FD1C712AA1B76B0090E3CC /* PBXContainerItemProxy */;
		};
/* End PBXTargetDependency section */

/* Begin PBXVariantGroup section */
		14FD1C562AA1B76A0090E3CC /* Main.storyboard */ = {
			isa = PBXVariantGroup;
			children = (
				14FD1C572AA1B76A0090E3CC /* Base */,
			);
			name = Main.storyboard;
			sourceTree = "<group>";
		};
		14FD1C5E2AA1B76B0090E3CC /* LaunchScreen.storyboard */ = {
			isa = PBXVariantGroup;
			children = (
				14FD1C5F2AA1B76B0090E3CC /* Base */,
			);
			name = LaunchScreen.storyboard;
			sourceTree = "<group>";
		};
/* End PBXVariantGroup section */

/* Begin XCBuildConfiguration section */
		14FD1C782AA1B76B0090E3CC /* Debug */ = {
			isa = XCBuildConfiguration;
			buildSettings = {
				ALWAYS_SEARCH_USER_PATHS = NO;
				CLANG_ANALYZER_NONNULL = YES;
				CLANG_ANALYZER_NUMBER_OBJECT_CONVERSION = YES_AGGRESSIVE;
				CLANG_CXX_LANGUAGE_STANDARD = "gnu++20";
				CLANG_ENABLE_MODULES = YES;
				CLANG_ENABLE_OBJC_ARC = YES;
				CLANG_ENABLE_OBJC_WEAK = YES;
				CLANG_WARN_BLOCK_CAPTURE_AUTORELEASING = YES;
				CLANG_WARN_BOOL_CONVERSION = YES;
				CLANG_WARN_COMMA = YES;
				CLANG_WARN_CONSTANT_CONVERSION = YES;
				CLANG_WARN_DEPRECATED_OBJC_IMPLEMENTATIONS = YES;
				CLANG_WARN_DIRECT_OBJC_ISA_USAGE = YES_ERROR;
				CLANG_WARN_DOCUMENTATION_COMMENTS = YES;
				CLANG_WARN_EMPTY_BODY = YES;
				CLANG_WARN_ENUM_CONVERSION = YES;
				CLANG_WARN_INFINITE_RECURSION = YES;
				CLANG_WARN_INT_CONVERSION = YES;
				CLANG_WARN_NON_LITERAL_NULL_CONVERSION = YES;
				CLANG_WARN_OBJC_IMPLICIT_RETAIN_SELF = YES;
				CLANG_WARN_OBJC_LITERAL_CONVERSION = YES;
				CLANG_WARN_OBJC_ROOT_CLASS = YES_ERROR;
				CLANG_WARN_QUOTED_INCLUDE_IN_FRAMEWORK_HEADER = YES;
				CLANG_WARN_RANGE_LOOP_ANALYSIS = YES;
				CLANG_WARN_STRICT_PROTOTYPES = YES;
				CLANG_WARN_SUSPICIOUS_MOVE = YES;
				CLANG_WARN_UNGUARDED_AVAILABILITY = YES_AGGRESSIVE;
				CLANG_WARN_UNREACHABLE_CODE = YES;
				CLANG_WARN__DUPLICATE_METHOD_MATCH = YES;
				COPY_PHASE_STRIP = NO;
				DEBUG_INFORMATION_FORMAT = dwarf;
				ENABLE_STRICT_OBJC_MSGSEND = YES;
				ENABLE_TESTABILITY = YES;
				GCC_C_LANGUAGE_STANDARD = gnu11;
				GCC_DYNAMIC_NO_PIC = NO;
				GCC_NO_COMMON_BLOCKS = YES;
				GCC_OPTIMIZATION_LEVEL = 0;
				GCC_PREPROCESSOR_DEFINITIONS = (
					"DEBUG=1",
					"$(inherited)",
				);
				GCC_WARN_64_TO_32_BIT_CONVERSION = YES;
				GCC_WARN_ABOUT_RETURN_TYPE = YES_ERROR;
				GCC_WARN_UNDECLARED_SELECTOR = YES;
				GCC_WARN_UNINITIALIZED_AUTOS = YES_AGGRESSIVE;
				GCC_WARN_UNUSED_FUNCTION = YES;
				GCC_WARN_UNUSED_VARIABLE = YES;
				IPHONEOS_DEPLOYMENT_TARGET = 13.0;
				MTL_ENABLE_DEBUG_INFO = INCLUDE_SOURCE;
				MTL_FAST_MATH = YES;
				ONLY_ACTIVE_ARCH = YES;
				SDKROOT = iphoneos;
				SWIFT_ACTIVE_COMPILATION_CONDITIONS = DEBUG;
				SWIFT_OPTIMIZATION_LEVEL = "-Onone";
			};
			name = Debug;
		};
		14FD1C792AA1B76B0090E3CC /* Release */ = {
			isa = XCBuildConfiguration;
			buildSettings = {
				ALWAYS_SEARCH_USER_PATHS = NO;
				CLANG_ANALYZER_NONNULL = YES;
				CLANG_ANALYZER_NUMBER_OBJECT_CONVERSION = YES_AGGRESSIVE;
				CLANG_CXX_LANGUAGE_STANDARD = "gnu++20";
				CLANG_ENABLE_MODULES = YES;
				CLANG_ENABLE_OBJC_ARC = YES;
				CLANG_ENABLE_OBJC_WEAK = YES;
				CLANG_WARN_BLOCK_CAPTURE_AUTORELEASING = YES;
				CLANG_WARN_BOOL_CONVERSION = YES;
				CLANG_WARN_COMMA = YES;
				CLANG_WARN_CONSTANT_CONVERSION = YES;
				CLANG_WARN_DEPRECATED_OBJC_IMPLEMENTATIONS = YES;
				CLANG_WARN_DIRECT_OBJC_ISA_USAGE = YES_ERROR;
				CLANG_WARN_DOCUMENTATION_COMMENTS = YES;
				CLANG_WARN_EMPTY_BODY = YES;
				CLANG_WARN_ENUM_CONVERSION = YES;
				CLANG_WARN_INFINITE_RECURSION = YES;
				CLANG_WARN_INT_CONVERSION = YES;
				CLANG_WARN_NON_LITERAL_NULL_CONVERSION = YES;
				CLANG_WARN_OBJC_IMPLICIT_RETAIN_SELF = YES;
				CLANG_WARN_OBJC_LITERAL_CONVERSION = YES;
				CLANG_WARN_OBJC_ROOT_CLASS = YES_ERROR;
				CLANG_WARN_QUOTED_INCLUDE_IN_FRAMEWORK_HEADER = YES;
				CLANG_WARN_RANGE_LOOP_ANALYSIS = YES;
				CLANG_WARN_STRICT_PROTOTYPES = YES;
				CLANG_WARN_SUSPICIOUS_MOVE = YES;
				CLANG_WARN_UNGUARDED_AVAILABILITY = YES_AGGRESSIVE;
				CLANG_WARN_UNREACHABLE_CODE = YES;
				CLANG_WARN__DUPLICATE_METHOD_MATCH = YES;
				COPY_PHASE_STRIP = NO;
				DEBUG_INFORMATION_FORMAT = "dwarf-with-dsym";
				ENABLE_NS_ASSERTIONS = NO;
				ENABLE_STRICT_OBJC_MSGSEND = YES;
				GCC_C_LANGUAGE_STANDARD = gnu11;
				GCC_NO_COMMON_BLOCKS = YES;
				GCC_WARN_64_TO_32_BIT_CONVERSION = YES;
				GCC_WARN_ABOUT_RETURN_TYPE = YES_ERROR;
				GCC_WARN_UNDECLARED_SELECTOR = YES;
				GCC_WARN_UNINITIALIZED_AUTOS = YES_AGGRESSIVE;
				GCC_WARN_UNUSED_FUNCTION = YES;
				GCC_WARN_UNUSED_VARIABLE = YES;
				IPHONEOS_DEPLOYMENT_TARGET = 13.0;
				MTL_ENABLE_DEBUG_INFO = NO;
				MTL_FAST_MATH = YES;
				SDKROOT = iphoneos;
				SWIFT_COMPILATION_MODE = wholemodule;
				SWIFT_OPTIMIZATION_LEVEL = "-O";
				VALIDATE_PRODUCT = YES;
			};
			name = Release;
		};
		14FD1C7B2AA1B76B0090E3CC /* Debug */ = {
			isa = XCBuildConfiguration;
			buildSettings = {
				ASSETCATALOG_COMPILER_APPICON_NAME = AppIcon;
				ASSETCATALOG_COMPILER_GLOBAL_ACCENT_COLOR_NAME = AccentColor;
				CODE_SIGN_STYLE = Automatic;
				CURRENT_PROJECT_VERSION = 1;
				DEVELOPMENT_TEAM = 5VA65MHU77;
				GENERATE_INFOPLIST_FILE = YES;
				INFOPLIST_FILE = VoiceOveriBeacon/Info.plist;
				INFOPLIST_KEY_NSBluetoothAlwaysUsageDescription = "VoiceOverIBeacon需要取得藍芽權限，以使用iBeacon定位功能";
				INFOPLIST_KEY_NSBluetoothPeripheralUsageDescription = "VoiceOverIBeacon需要取得藍芽權限，以使用iBeacon定位功能";
				INFOPLIST_KEY_NSLocationAlwaysAndWhenInUseUsageDescription = "VoiceOverIBeacon需要取得定位權限，以使用iBeacon定位功能";
				INFOPLIST_KEY_NSLocationWhenInUseUsageDescription = "VoiceOverIBeacon需要取得定位權限，以使用iBeacon定位功能";
				INFOPLIST_KEY_UIApplicationSupportsIndirectInputEvents = YES;
				INFOPLIST_KEY_UILaunchStoryboardName = LaunchScreen;
				INFOPLIST_KEY_UIMainStoryboardFile = Main;
				INFOPLIST_KEY_UISupportedInterfaceOrientations_iPad = "UIInterfaceOrientationPortrait UIInterfaceOrientationPortraitUpsideDown UIInterfaceOrientationLandscapeLeft UIInterfaceOrientationLandscapeRight";
				INFOPLIST_KEY_UISupportedInterfaceOrientations_iPhone = "UIInterfaceOrientationPortrait UIInterfaceOrientationLandscapeLeft UIInterfaceOrientationLandscapeRight";
				IPHONEOS_DEPLOYMENT_TARGET = 13.0;
				LD_RUNPATH_SEARCH_PATHS = (
					"$(inherited)",
					"@executable_path/Frameworks",
				);
				MARKETING_VERSION = 1.0;
				PRODUCT_BUNDLE_IDENTIFIER = tw.com.bkchen.VoiceOveriBeacon;
				PRODUCT_NAME = "$(TARGET_NAME)";
				SWIFT_EMIT_LOC_STRINGS = YES;
				SWIFT_VERSION = 5.0;
				TARGETED_DEVICE_FAMILY = "1,2";
			};
			name = Debug;
		};
		14FD1C7C2AA1B76B0090E3CC /* Release */ = {
			isa = XCBuildConfiguration;
			buildSettings = {
				ASSETCATALOG_COMPILER_APPICON_NAME = AppIcon;
				ASSETCATALOG_COMPILER_GLOBAL_ACCENT_COLOR_NAME = AccentColor;
				CODE_SIGN_STYLE = Automatic;
				CURRENT_PROJECT_VERSION = 1;
				DEVELOPMENT_TEAM = 5VA65MHU77;
				GENERATE_INFOPLIST_FILE = YES;
				INFOPLIST_FILE = VoiceOveriBeacon/Info.plist;
				INFOPLIST_KEY_NSBluetoothAlwaysUsageDescription = "VoiceOverIBeacon需要取得藍芽權限，以使用iBeacon定位功能";
				INFOPLIST_KEY_NSBluetoothPeripheralUsageDescription = "VoiceOverIBeacon需要取得藍芽權限，以使用iBeacon定位功能";
				INFOPLIST_KEY_NSLocationAlwaysAndWhenInUseUsageDescription = "VoiceOverIBeacon需要取得定位權限，以使用iBeacon定位功能";
				INFOPLIST_KEY_NSLocationWhenInUseUsageDescription = "VoiceOverIBeacon需要取得定位權限，以使用iBeacon定位功能";
				INFOPLIST_KEY_UIApplicationSupportsIndirectInputEvents = YES;
				INFOPLIST_KEY_UILaunchStoryboardName = LaunchScreen;
				INFOPLIST_KEY_UIMainStoryboardFile = Main;
				INFOPLIST_KEY_UISupportedInterfaceOrientations_iPad = "UIInterfaceOrientationPortrait UIInterfaceOrientationPortraitUpsideDown UIInterfaceOrientationLandscapeLeft UIInterfaceOrientationLandscapeRight";
				INFOPLIST_KEY_UISupportedInterfaceOrientations_iPhone = "UIInterfaceOrientationPortrait UIInterfaceOrientationLandscapeLeft UIInterfaceOrientationLandscapeRight";
				IPHONEOS_DEPLOYMENT_TARGET = 13.0;
				LD_RUNPATH_SEARCH_PATHS = (
					"$(inherited)",
					"@executable_path/Frameworks",
				);
				MARKETING_VERSION = 1.0;
				PRODUCT_BUNDLE_IDENTIFIER = tw.com.bkchen.VoiceOveriBeacon;
				PRODUCT_NAME = "$(TARGET_NAME)";
				SWIFT_EMIT_LOC_STRINGS = YES;
				SWIFT_VERSION = 5.0;
				TARGETED_DEVICE_FAMILY = "1,2";
			};
			name = Release;
		};
		14FD1C7E2AA1B76B0090E3CC /* Debug */ = {
			isa = XCBuildConfiguration;
			buildSettings = {
				ALWAYS_EMBED_SWIFT_STANDARD_LIBRARIES = YES;
				BUNDLE_LOADER = "$(TEST_HOST)";
				CODE_SIGN_STYLE = Automatic;
				CURRENT_PROJECT_VERSION = 1;
				DEVELOPMENT_TEAM = 5VA65MHU77;
				GENERATE_INFOPLIST_FILE = YES;
				IPHONEOS_DEPLOYMENT_TARGET = 16.4;
				MARKETING_VERSION = 1.0;
				PRODUCT_BUNDLE_IDENTIFIER = tw.com.bkchen.VoiceOveriBeaconTests;
				PRODUCT_NAME = "$(TARGET_NAME)";
				SWIFT_EMIT_LOC_STRINGS = NO;
				SWIFT_VERSION = 5.0;
				TARGETED_DEVICE_FAMILY = "1,2";
				TEST_HOST = "$(BUILT_PRODUCTS_DIR)/VoiceOveriBeacon.app/$(BUNDLE_EXECUTABLE_FOLDER_PATH)/VoiceOveriBeacon";
			};
			name = Debug;
		};
		14FD1C7F2AA1B76B0090E3CC /* Release */ = {
			isa = XCBuildConfiguration;
			buildSettings = {
				ALWAYS_EMBED_SWIFT_STANDARD_LIBRARIES = YES;
				BUNDLE_LOADER = "$(TEST_HOST)";
				CODE_SIGN_STYLE = Automatic;
				CURRENT_PROJECT_VERSION = 1;
				DEVELOPMENT_TEAM = 5VA65MHU77;
				GENERATE_INFOPLIST_FILE = YES;
				IPHONEOS_DEPLOYMENT_TARGET = 16.4;
				MARKETING_VERSION = 1.0;
				PRODUCT_BUNDLE_IDENTIFIER = tw.com.bkchen.VoiceOveriBeaconTests;
				PRODUCT_NAME = "$(TARGET_NAME)";
				SWIFT_EMIT_LOC_STRINGS = NO;
				SWIFT_VERSION = 5.0;
				TARGETED_DEVICE_FAMILY = "1,2";
				TEST_HOST = "$(BUILT_PRODUCTS_DIR)/VoiceOveriBeacon.app/$(BUNDLE_EXECUTABLE_FOLDER_PATH)/VoiceOveriBeacon";
			};
			name = Release;
		};
		14FD1C812AA1B76B0090E3CC /* Debug */ = {
			isa = XCBuildConfiguration;
			buildSettings = {
				ALWAYS_EMBED_SWIFT_STANDARD_LIBRARIES = YES;
				CODE_SIGN_STYLE = Automatic;
				CURRENT_PROJECT_VERSION = 1;
				DEVELOPMENT_TEAM = 5VA65MHU77;
				GENERATE_INFOPLIST_FILE = YES;
				MARKETING_VERSION = 1.0;
				PRODUCT_BUNDLE_IDENTIFIER = tw.com.bkchen.VoiceOveriBeaconUITests;
				PRODUCT_NAME = "$(TARGET_NAME)";
				SWIFT_EMIT_LOC_STRINGS = NO;
				SWIFT_VERSION = 5.0;
				TARGETED_DEVICE_FAMILY = "1,2";
				TEST_TARGET_NAME = VoiceOveriBeacon;
			};
			name = Debug;
		};
		14FD1C822AA1B76B0090E3CC /* Release */ = {
			isa = XCBuildConfiguration;
			buildSettings = {
				ALWAYS_EMBED_SWIFT_STANDARD_LIBRARIES = YES;
				CODE_SIGN_STYLE = Automatic;
				CURRENT_PROJECT_VERSION = 1;
				DEVELOPMENT_TEAM = 5VA65MHU77;
				GENERATE_INFOPLIST_FILE = YES;
				MARKETING_VERSION = 1.0;
				PRODUCT_BUNDLE_IDENTIFIER = tw.com.bkchen.VoiceOveriBeaconUITests;
				PRODUCT_NAME = "$(TARGET_NAME)";
				SWIFT_EMIT_LOC_STRINGS = NO;
				SWIFT_VERSION = 5.0;
				TARGETED_DEVICE_FAMILY = "1,2";
				TEST_TARGET_NAME = VoiceOveriBeacon;
			};
			name = Release;
		};
/* End XCBuildConfiguration section */

/* Begin XCConfigurationList section */
		14FD1C482AA1B76A0090E3CC /* Build configuration list for PBXProject "VoiceOveriBeacon" */ = {
			isa = XCConfigurationList;
			buildConfigurations = (
				14FD1C782AA1B76B0090E3CC /* Debug */,
				14FD1C792AA1B76B0090E3CC /* Release */,
			);
			defaultConfigurationIsVisible = 0;
			defaultConfigurationName = Release;
		};
		14FD1C7A2AA1B76B0090E3CC /* Build configuration list for PBXNativeTarget "VoiceOveriBeacon" */ = {
			isa = XCConfigurationList;
			buildConfigurations = (
				14FD1C7B2AA1B76B0090E3CC /* Debug */,
				14FD1C7C2AA1B76B0090E3CC /* Release */,
			);
			defaultConfigurationIsVisible = 0;
			defaultConfigurationName = Release;
		};
		14FD1C7D2AA1B76B0090E3CC /* Build configuration list for PBXNativeTarget "VoiceOveriBeaconTests" */ = {
			isa = XCConfigurationList;
			buildConfigurations = (
				14FD1C7E2AA1B76B0090E3CC /* Debug */,
				14FD1C7F2AA1B76B0090E3CC /* Release */,
			);
			defaultConfigurationIsVisible = 0;
			defaultConfigurationName = Release;
		};
		14FD1C802AA1B76B0090E3CC /* Build configuration list for PBXNativeTarget "VoiceOveriBeaconUITests" */ = {
			isa = XCConfigurationList;
			buildConfigurations = (
				14FD1C812AA1B76B0090E3CC /* Debug */,
				14FD1C822AA1B76B0090E3CC /* Release */,
			);
			defaultConfigurationIsVisible = 0;
			defaultConfigurationName = Release;
		};
/* End XCConfigurationList section */

/* Begin XCVersionGroup section */
		14FD1C592AA1B76A0090E3CC /* VoiceOveriBeacon.xcdatamodeld */ = {
			isa = XCVersionGroup;
			children = (
				14FD1C5A2AA1B76A0090E3CC /* VoiceOveriBeacon.xcdatamodel */,
			);
			currentVersion = 14FD1C5A2AA1B76A0090E3CC /* VoiceOveriBeacon.xcdatamodel */;
			path = VoiceOveriBeacon.xcdatamodeld;
			sourceTree = "<group>";
			versionGroupType = wrapper.xcdatamodel;
		};
/* End XCVersionGroup section */
	};
	rootObject = 14FD1C452AA1B76A0090E3CC /* Project object */;
}
